
Microsoft Visual Studio Solution File, Format Version 12.00
# Visual Studio 15
VisualStudioVersion = 15.0.28307.421
MinimumVisualStudioVersion = 10.0.40219.1
Project("{FAE04EC0-301F-11D3-BF4B-00C04F79EFBC}") = "SingletonLock", "SingletonLock\SingletonLock.csproj", "{F9BFC2DD-6AF1-4598-B549-7BFF68D5EF0E}"
EndProject
Global
	GlobalSection(SolutionConfigurationPlatforms) = preSolution
		Debug|Any CPU = Debug|Any CPU
		Release|Any CPU = Release|Any CPU
	EndGlobalSection
	GlobalSection(ProjectConfigurationPlatforms) = postSolution
		{F9BFC2DD-6AF1-4598-B549-7BFF68D5EF0E}.Debug|Any CPU.ActiveCfg = Debug|Any CPU
		{F9BFC2DD-6AF1-4598-B549-7BFF68D5EF0E}.Debug|Any CPU.Build.0 = Debug|Any CPU
		{F9BFC2DD-6AF1-4598-B549-7BFF68D5EF0E}.Release|Any CPU.ActiveCfg = Release|Any CPU
		{F9BFC2DD-6AF1-4598-B549-7BFF68D5EF0E}.Release|Any CPU.Build.0 = Release|Any CPU
	EndGlobalSection
	GlobalSection(SolutionProperties) = preSolution
		HideSolutionNode = FALSE
	EndGlobalSection
	GlobalSection(ExtensibilityGlobals) = postSolution
		SolutionGuid = {66C20403-B3B3-4BEC-95F4-9061DDAC2139}
	EndGlobalSection
EndGlobal
